
Microsoft Visual Studio Solution File, Format Version 12.00
# Visual Studio 15
VisualStudioVersion = 15.0.28307.1022
MinimumVisualStudioVersion = 10.0.40219.1
Project("{FAE04EC0-301F-11D3-BF4B-00C04F79EFBC}") = "SunuBuduSistema", "SunuBuduSistema\SunuBuduSistema.csproj", "{1F5E6EFF-D986-4E20-8544-4D8BE00AC25A}"
EndProject
Global
	GlobalSection(SolutionConfigurationPlatforms) = preSolution
		Debug|Any CPU = Debug|Any CPU
		Release|Any CPU = Release|Any CPU
	EndGlobalSection
	GlobalSection(ProjectConfigurationPlatforms) = postSolution
		{1F5E6EFF-D986-4E20-8544-4D8BE00AC25A}.Debug|Any CPU.ActiveCfg = Debug|Any CPU
		{1F5E6EFF-D986-4E20-8544-4D8BE00AC25A}.Debug|Any CPU.Build.0 = Debug|Any CPU
		{1F5E6EFF-D986-4E20-8544-4D8BE00AC25A}.Release|Any CPU.ActiveCfg = Release|Any CPU
		{1F5E6EFF-D986-4E20-8544-4D8BE00AC25A}.Release|Any CPU.Build.0 = Release|Any CPU
	EndGlobalSection
	GlobalSection(SolutionProperties) = preSolution
		HideSolutionNode = FALSE
	EndGlobalSection
	GlobalSection(ExtensibilityGlobals) = postSolution
		SolutionGuid = {7FA0A05A-5A0D-4F7A-817E-66CA18DB46ED}
	EndGlobalSection
EndGlobal
